
Microsoft Visual Studio Solution File, Format Version 12.00
# Visual Studio 2012
Project("{8BC9CEB8-8B4A-11D0-8D11-00A0C91BC942}") = "KSRLab2", "KSRLab2\KSRLab2.vcxproj", "{EC3325B1-6CF4-49BC-93D8-6B149DD75060}"
EndProject
Project("{8BC9CEB8-8B4A-11D0-8D11-00A0C91BC942}") = "KSRLab2Klient", "KSRLab2Klient\KSRLab2Klient.vcxproj", "{1D42840C-4313-4724-9073-C4D7B84B1CB4}"
EndProject
Global
	GlobalSection(SolutionConfigurationPlatforms) = preSolution
		Debug|Win32 = Debug|Win32
		Release|Win32 = Release|Win32
	EndGlobalSection
	GlobalSection(ProjectConfigurationPlatforms) = postSolution
		{EC3325B1-6CF4-49BC-93D8-6B149DD75060}.Debug|Win32.ActiveCfg = Debug|Win32
		{EC3325B1-6CF4-49BC-93D8-6B149DD75060}.Debug|Win32.Build.0 = Debug|Win32
		{EC3325B1-6CF4-49BC-93D8-6B149DD75060}.Release|Win32.ActiveCfg = Release|Win32
		{EC3325B1-6CF4-49BC-93D8-6B149DD75060}.Release|Win32.Build.0 = Release|Win32
		{1D42840C-4313-4724-9073-C4D7B84B1CB4}.Debug|Win32.ActiveCfg = Debug|Win32
		{1D42840C-4313-4724-9073-C4D7B84B1CB4}.Debug|Win32.Build.0 = Debug|Win32
		{1D42840C-4313-4724-9073-C4D7B84B1CB4}.Release|Win32.ActiveCfg = Release|Win32
		{1D42840C-4313-4724-9073-C4D7B84B1CB4}.Release|Win32.Build.0 = Release|Win32
	EndGlobalSection
	GlobalSection(SolutionProperties) = preSolution
		HideSolutionNode = FALSE
	EndGlobalSection
EndGlobal
